// !$*UTF8*$!
{
	archiveVersion = 1;
	classes = {
	};
	objectVersion = 50;
	objects = {

/* Begin PBXBuildFile section */
		E618CAEF26C3FB4100BD827A /* CurrencyTableViewController.swift in Sources */ = {isa = PBXBuildFile; fileRef = E618CAEE26C3FB4100BD827A /* CurrencyTableViewController.swift */; };
		E618CAF126C3FB9500BD827A /* CurrencyTableViewCell.swift in Sources */ = {isa = PBXBuildFile; fileRef = E618CAF026C3FB9500BD827A /* CurrencyTableViewCell.swift */; };
		E618CAF326C3FBB900BD827A /* CurrencyModel.swift in Sources */ = {isa = PBXBuildFile; fileRef = E618CAF226C3FBB900BD827A /* CurrencyModel.swift */; };
		E618CAF526C3FC7900BD827A /* NetworkManager.swift in Sources */ = {isa = PBXBuildFile; fileRef = E618CAF426C3FC7900BD827A /* NetworkManager.swift */; };
		E667F84B26C3F1B0008A21A6 /* AppDelegate.swift in Sources */ = {isa = PBXBuildFile; fileRef = E667F84A26C3F1B0008A21A6 /* AppDelegate.swift */; };
		E667F84D26C3F1B0008A21A6 /* SceneDelegate.swift in Sources */ = {isa = PBXBuildFile; fileRef = E667F84C26C3F1B0008A21A6 /* SceneDelegate.swift */; };
		E667F85226C3F1B0008A21A6 /* Main.storyboard in Resources */ = {isa = PBXBuildFile; fileRef = E667F85026C3F1B0008A21A6 /* Main.storyboard */; };
		E667F85426C3F1B3008A21A6 /* Assets.xcassets in Resources */ = {isa = PBXBuildFile; fileRef = E667F85326C3F1B3008A21A6 /* Assets.xcassets */; };
		E667F85726C3F1B3008A21A6 /* LaunchScreen.storyboard in Resources */ = {isa = PBXBuildFile; fileRef = E667F85526C3F1B3008A21A6 /* LaunchScreen.storyboard */; };
/* End PBXBuildFile section */

/* Begin PBXFileReference section */
		E618CAEE26C3FB4100BD827A /* CurrencyTableViewController.swift */ = {isa = PBXFileReference; lastKnownFileType = sourcecode.swift; path = CurrencyTableViewController.swift; sourceTree = "<group>"; };
		E618CAF026C3FB9500BD827A /* CurrencyTableViewCell.swift */ = {isa = PBXFileReference; lastKnownFileType = sourcecode.swift; path = CurrencyTableViewCell.swift; sourceTree = "<group>"; };
		E618CAF226C3FBB900BD827A /* CurrencyModel.swift */ = {isa = PBXFileReference; lastKnownFileType = sourcecode.swift; path = CurrencyModel.swift; sourceTree = "<group>"; };
		E618CAF426C3FC7900BD827A /* NetworkManager.swift */ = {isa = PBXFileReference; lastKnownFileType = sourcecode.swift; path = NetworkManager.swift; sourceTree = "<group>"; };
		E667F84726C3F1B0008A21A6 /* NemchenkovVG_HW2.11.app */ = {isa = PBXFileReference; explicitFileType = wrapper.application; includeInIndex = 0; path = NemchenkovVG_HW2.11.app; sourceTree = BUILT_PRODUCTS_DIR; };
		E667F84A26C3F1B0008A21A6 /* AppDelegate.swift */ = {isa = PBXFileReference; lastKnownFileType = sourcecode.swift; path = AppDelegate.swift; sourceTree = "<group>"; };
		E667F84C26C3F1B0008A21A6 /* SceneDelegate.swift */ = {isa = PBXFileReference; lastKnownFileType = sourcecode.swift; path = SceneDelegate.swift; sourceTree = "<group>"; };
		E667F85126C3F1B0008A21A6 /* Base */ = {isa = PBXFileReference; lastKnownFileType = file.storyboard; name = Base; path = Base.lproj/Main.storyboard; sourceTree = "<group>"; };
		E667F85326C3F1B3008A21A6 /* Assets.xcassets */ = {isa = PBXFileReference; lastKnownFileType = folder.assetcatalog; path = Assets.xcassets; sourceTree = "<group>"; };
		E667F85626C3F1B3008A21A6 /* Base */ = {isa = PBXFileReference; lastKnownFileType = file.storyboard; name = Base; path = Base.lproj/LaunchScreen.storyboard; sourceTree = "<group>"; };
		E667F85826C3F1B3008A21A6 /* Info.plist */ = {isa = PBXFileReference; lastKnownFileType = text.plist.xml; path = Info.plist; sourceTree = "<group>"; };
/* End PBXFileReference section */

/* Begin PBXFrameworksBuildPhase section */
		E667F84426C3F1B0008A21A6 /* Frameworks */ = {
			isa = PBXFrameworksBuildPhase;
			buildActionMask = 2147483647;
			files = (
			);
			runOnlyForDeploymentPostprocessing = 0;
		};
/* End PBXFrameworksBuildPhase section */

/* Begin PBXGroup section */
		E667F83E26C3F1B0008A21A6 = {
			isa = PBXGroup;
			children = (
				E667F84926C3F1B0008A21A6 /* NemchenkovVG_HW2.11 */,
				E667F84826C3F1B0008A21A6 /* Products */,
			);
			sourceTree = "<group>";
		};
		E667F84826C3F1B0008A21A6 /* Products */ = {
			isa = PBXGroup;
			children = (
				E667F84726C3F1B0008A21A6 /* NemchenkovVG_HW2.11.app */,
			);
			name = Products;
			sourceTree = "<group>";
		};
		E667F84926C3F1B0008A21A6 /* NemchenkovVG_HW2.11 */ = {
			isa = PBXGroup;
			children = (
				E6BC4C9326C40DF300B9B854 /* Model */,
				E6BC4C9426C40DFD00B9B854 /* ViewController */,
				E6BC4C9826C40E4500B9B854 /* Storyboards */,
				E6BC4C9526C40E0800B9B854 /* View */,
				E6BC4C9626C40E0F00B9B854 /* Services */,
				E6BC4C9926C40E5200B9B854 /* Supporting Files */,
				E6BC4C9726C40E2900B9B854 /* Source */,
			);
			path = NemchenkovVG_HW2.11;
			sourceTree = "<group>";
		};
		E6BC4C9326C40DF300B9B854 /* Model */ = {
			isa = PBXGroup;
			children = (
				E618CAF226C3FBB900BD827A /* CurrencyModel.swift */,
			);
			path = Model;
			sourceTree = "<group>";
		};
		E6BC4C9426C40DFD00B9B854 /* ViewController */ = {
			isa = PBXGroup;
			children = (
				E618CAEE26C3FB4100BD827A /* CurrencyTableViewController.swift */,
			);
			path = ViewController;
			sourceTree = "<group>";
		};
		E6BC4C9526C40E0800B9B854 /* View */ = {
			isa = PBXGroup;
			children = (
				E618CAF026C3FB9500BD827A /* CurrencyTableViewCell.swift */,
			);
			path = View;
			sourceTree = "<group>";
		};
		E6BC4C9626C40E0F00B9B854 /* Services */ = {
			isa = PBXGroup;
			children = (
				E618CAF426C3FC7900BD827A /* NetworkManager.swift */,
			);
			path = Services;
			sourceTree = "<group>";
		};
		E6BC4C9726C40E2900B9B854 /* Source */ = {
			isa = PBXGroup;
			children = (
				E667F85326C3F1B3008A21A6 /* Assets.xcassets */,
			);
			path = Source;
			sourceTree = "<group>";
		};
		E6BC4C9826C40E4500B9B854 /* Storyboards */ = {
			isa = PBXGroup;
			children = (
				E667F85026C3F1B0008A21A6 /* Main.storyboard */,
				E667F85526C3F1B3008A21A6 /* LaunchScreen.storyboard */,
			);
			path = Storyboards;
			sourceTree = "<group>";
		};
		E6BC4C9926C40E5200B9B854 /* Supporting Files */ = {
			isa = PBXGroup;
			children = (
				E667F84A26C3F1B0008A21A6 /* AppDelegate.swift */,
				E667F84C26C3F1B0008A21A6 /* SceneDelegate.swift */,
				E667F85826C3F1B3008A21A6 /* Info.plist */,
			);
			path = "Supporting Files";
			sourceTree = "<group>";
		};
/* End PBXGroup section */

/* Begin PBXNativeTarget section */
		E667F84626C3F1B0008A21A6 /* NemchenkovVG_HW2.11 */ = {
			isa = PBXNativeTarget;
			buildConfigurationList = E667F85B26C3F1B3008A21A6 /* Build configuration list for PBXNativeTarget "NemchenkovVG_HW2.11" */;
			buildPhases = (
				E667F84326C3F1B0008A21A6 /* Sources */,
				E667F84426C3F1B0008A21A6 /* Frameworks */,
				E667F84526C3F1B0008A21A6 /* Resources */,
			);
			buildRules = (
			);
			dependencies = (
			);
			name = NemchenkovVG_HW2.11;
			productName = NemchenkovVG_HW2.11;
			productReference = E667F84726C3F1B0008A21A6 /* NemchenkovVG_HW2.11.app */;
			productType = "com.apple.product-type.application";
		};
/* End PBXNativeTarget section */

/* Begin PBXProject section */
		E667F83F26C3F1B0008A21A6 /* Project object */ = {
			isa = PBXProject;
			attributes = {
				LastSwiftUpdateCheck = 1250;
				LastUpgradeCheck = 1250;
				TargetAttributes = {
					E667F84626C3F1B0008A21A6 = {
						CreatedOnToolsVersion = 12.5.1;
					};
				};
			};
			buildConfigurationList = E667F84226C3F1B0008A21A6 /* Build configuration list for PBXProject "NemchenkovVG_HW2.11" */;
			compatibilityVersion = "Xcode 9.3";
			developmentRegion = en;
			hasScannedForEncodings = 0;
			knownRegions = (
				en,
				Base,
			);
			mainGroup = E667F83E26C3F1B0008A21A6;
			productRefGroup = E667F84826C3F1B0008A21A6 /* Products */;
			projectDirPath = "";
			projectRoot = "";
			targets = (
				E667F84626C3F1B0008A21A6 /* NemchenkovVG_HW2.11 */,
			);
		};
/* End PBXProject section */

/* Begin PBXResourcesBuildPhase section */
		E667F84526C3F1B0008A21A6 /* Resources */ = {
			isa = PBXResourcesBuildPhase;
			buildActionMask = 2147483647;
			files = (
				E667F85726C3F1B3008A21A6 /* LaunchScreen.storyboard in Resources */,
				E667F85426C3F1B3008A21A6 /* Assets.xcassets in Resources */,
				E667F85226C3F1B0008A21A6 /* Main.storyboard in Resources */,
			);
			runOnlyForDeploymentPostprocessing = 0;
		};
/* End PBXResourcesBuildPhase section */

/* Begin PBXSourcesBuildPhase section */
		E667F84326C3F1B0008A21A6 /* Sources */ = {
			isa = PBXSourcesBuildPhase;
			buildActionMask = 2147483647;
			files = (
				E618CAF526C3FC7900BD827A /* NetworkManager.swift in Sources */,
				E618CAF326C3FBB900BD827A /* CurrencyModel.swift in Sources */,
				E618CAF126C3FB9500BD827A /* CurrencyTableViewCell.swift in Sources */,
				E618CAEF26C3FB4100BD827A /* CurrencyTableViewController.swift in Sources */,
				E667F84B26C3F1B0008A21A6 /* AppDelegate.swift in Sources */,
				E667F84D26C3F1B0008A21A6 /* SceneDelegate.swift in Sources */,
			);
			runOnlyForDeploymentPostprocessing = 0;
		};
/* End PBXSourcesBuildPhase section */

/* Begin PBXVariantGroup section */
		E667F85026C3F1B0008A21A6 /* Main.storyboard */ = {
			isa = PBXVariantGroup;
			children = (
				E667F85126C3F1B0008A21A6 /* Base */,
			);
			name = Main.storyboard;
			sourceTree = "<group>";
		};
		E667F85526C3F1B3008A21A6 /* LaunchScreen.storyboard */ = {
			isa = PBXVariantGroup;
			children = (
				E667F85626C3F1B3008A21A6 /* Base */,
			);
			name = LaunchScreen.storyboard;
			sourceTree = "<group>";
		};
/* End PBXVariantGroup section */

/* Begin XCBuildConfiguration section */
		E667F85926C3F1B3008A21A6 /* Debug */ = {
			isa = XCBuildConfiguration;
			buildSettings = {
				ALWAYS_SEARCH_USER_PATHS = NO;
				CLANG_ANALYZER_NONNULL = YES;
				CLANG_ANALYZER_NUMBER_OBJECT_CONVERSION = YES_AGGRESSIVE;
				CLANG_CXX_LANGUAGE_STANDARD = "gnu++14";
				CLANG_CXX_LIBRARY = "libc++";
				CLANG_ENABLE_MODULES = YES;
				CLANG_ENABLE_OBJC_ARC = YES;
				CLANG_ENABLE_OBJC_WEAK = YES;
				CLANG_WARN_BLOCK_CAPTURE_AUTORELEASING = YES;
				CLANG_WARN_BOOL_CONVERSION = YES;
				CLANG_WARN_COMMA = YES;
				CLANG_WARN_CONSTANT_CONVERSION = YES;
				CLANG_WARN_DEPRECATED_OBJC_IMPLEMENTATIONS = YES;
				CLANG_WARN_DIRECT_OBJC_ISA_USAGE = YES_ERROR;
				CLANG_WARN_DOCUMENTATION_COMMENTS = YES;
				CLANG_WARN_EMPTY_BODY = YES;
				CLANG_WARN_ENUM_CONVERSION = YES;
				CLANG_WARN_INFINITE_RECURSION = YES;
				CLANG_WARN_INT_CONVERSION = YES;
				CLANG_WARN_NON_LITERAL_NULL_CONVERSION = YES;
				CLANG_WARN_OBJC_IMPLICIT_RETAIN_SELF = YES;
				CLANG_WARN_OBJC_LITERAL_CONVERSION = YES;
				CLANG_WARN_OBJC_ROOT_CLASS = YES_ERROR;
				CLANG_WARN_QUOTED_INCLUDE_IN_FRAMEWORK_HEADER = YES;
				CLANG_WARN_RANGE_LOOP_ANALYSIS = YES;
				CLANG_WARN_STRICT_PROTOTYPES = YES;
				CLANG_WARN_SUSPICIOUS_MOVE = YES;
				CLANG_WARN_UNGUARDED_AVAILABILITY = YES_AGGRESSIVE;
				CLANG_WARN_UNREACHABLE_CODE = YES;
				CLANG_WARN__DUPLICATE_METHOD_MATCH = YES;
				COPY_PHASE_STRIP = NO;
				DEBUG_INFORMATION_FORMAT = dwarf;
				ENABLE_STRICT_OBJC_MSGSEND = YES;
				ENABLE_TESTABILITY = YES;
				GCC_C_LANGUAGE_STANDARD = gnu11;
				GCC_DYNAMIC_NO_PIC = NO;
				GCC_NO_COMMON_BLOCKS = YES;
				GCC_OPTIMIZATION_LEVEL = 0;
				GCC_PREPROCESSOR_DEFINITIONS = (
					"DEBUG=1",
					"$(inherited)",
				);
				GCC_WARN_64_TO_32_BIT_CONVERSION = YES;
				GCC_WARN_ABOUT_RETURN_TYPE = YES_ERROR;
				GCC_WARN_UNDECLARED_SELECTOR = YES;
				GCC_WARN_UNINITIALIZED_AUTOS = YES_AGGRESSIVE;
				GCC_WARN_UNUSED_FUNCTION = YES;
				GCC_WARN_UNUSED_VARIABLE = YES;
				IPHONEOS_DEPLOYMENT_TARGET = 14.5;
				MTL_ENABLE_DEBUG_INFO = INCLUDE_SOURCE;
				MTL_FAST_MATH = YES;
				ONLY_ACTIVE_ARCH = YES;
				SDKROOT = iphoneos;
				SWIFT_ACTIVE_COMPILATION_CONDITIONS = DEBUG;
				SWIFT_OPTIMIZATION_LEVEL = "-Onone";
			};
			name = Debug;
		};
		E667F85A26C3F1B3008A21A6 /* Release */ = {
			isa = XCBuildConfiguration;
			buildSettings = {
				ALWAYS_SEARCH_USER_PATHS = NO;
				CLANG_ANALYZER_NONNULL = YES;
				CLANG_ANALYZER_NUMBER_OBJECT_CONVERSION = YES_AGGRESSIVE;
				CLANG_CXX_LANGUAGE_STANDARD = "gnu++14";
				CLANG_CXX_LIBRARY = "libc++";
				CLANG_ENABLE_MODULES = YES;
				CLANG_ENABLE_OBJC_ARC = YES;
				CLANG_ENABLE_OBJC_WEAK = YES;
				CLANG_WARN_BLOCK_CAPTURE_AUTORELEASING = YES;
				CLANG_WARN_BOOL_CONVERSION = YES;
				CLANG_WARN_COMMA = YES;
				CLANG_WARN_CONSTANT_CONVERSION = YES;
				CLANG_WARN_DEPRECATED_OBJC_IMPLEMENTATIONS = YES;
				CLANG_WARN_DIRECT_OBJC_ISA_USAGE = YES_ERROR;
				CLANG_WARN_DOCUMENTATION_COMMENTS = YES;
				CLANG_WARN_EMPTY_BODY = YES;
				CLANG_WARN_ENUM_CONVERSION = YES;
				CLANG_WARN_INFINITE_RECURSION = YES;
				CLANG_WARN_INT_CONVERSION = YES;
				CLANG_WARN_NON_LITERAL_NULL_CONVERSION = YES;
				CLANG_WARN_OBJC_IMPLICIT_RETAIN_SELF = YES;
				CLANG_WARN_OBJC_LITERAL_CONVERSION = YES;
				CLANG_WARN_OBJC_ROOT_CLASS = YES_ERROR;
				CLANG_WARN_QUOTED_INCLUDE_IN_FRAMEWORK_HEADER = YES;
				CLANG_WARN_RANGE_LOOP_ANALYSIS = YES;
				CLANG_WARN_STRICT_PROTOTYPES = YES;
				CLANG_WARN_SUSPICIOUS_MOVE = YES;
				CLANG_WARN_UNGUARDED_AVAILABILITY = YES_AGGRESSIVE;
				CLANG_WARN_UNREACHABLE_CODE = YES;
				CLANG_WARN__DUPLICATE_METHOD_MATCH = YES;
				COPY_PHASE_STRIP = NO;
				DEBUG_INFORMATION_FORMAT = "dwarf-with-dsym";
				ENABLE_NS_ASSERTIONS = NO;
				ENABLE_STRICT_OBJC_MSGSEND = YES;
				GCC_C_LANGUAGE_STANDARD = gnu11;
				GCC_NO_COMMON_BLOCKS = YES;
				GCC_WARN_64_TO_32_BIT_CONVERSION = YES;
				GCC_WARN_ABOUT_RETURN_TYPE = YES_ERROR;
				GCC_WARN_UNDECLARED_SELECTOR = YES;
				GCC_WARN_UNINITIALIZED_AUTOS = YES_AGGRESSIVE;
				GCC_WARN_UNUSED_FUNCTION = YES;
				GCC_WARN_UNUSED_VARIABLE = YES;
				IPHONEOS_DEPLOYMENT_TARGET = 14.5;
				MTL_ENABLE_DEBUG_INFO = NO;
				MTL_FAST_MATH = YES;
				SDKROOT = iphoneos;
				SWIFT_COMPILATION_MODE = wholemodule;
				SWIFT_OPTIMIZATION_LEVEL = "-O";
				VALIDATE_PRODUCT = YES;
			};
			name = Release;
		};
		E667F85C26C3F1B3008A21A6 /* Debug */ = {
			isa = XCBuildConfiguration;
			buildSettings = {
				ASSETCATALOG_COMPILER_APPICON_NAME = AppIcon;
				ASSETCATALOG_COMPILER_GLOBAL_ACCENT_COLOR_NAME = AccentColor;
				CODE_SIGN_STYLE = Automatic;
				INFOPLIST_FILE = "NemchenkovVG_HW2.11/Supporting Files/Info.plist";
				LD_RUNPATH_SEARCH_PATHS = (
					"$(inherited)",
					"@executable_path/Frameworks",
				);
				PRODUCT_BUNDLE_IDENTIFIER = "NemchenkovVG.NemchenkovVG-HW2-11";
				PRODUCT_NAME = "$(TARGET_NAME)";
				SWIFT_VERSION = 5.0;
				TARGETED_DEVICE_FAMILY = "1,2";
			};
			name = Debug;
		};
		E667F85D26C3F1B3008A21A6 /* Release */ = {
			isa = XCBuildConfiguration;
			buildSettings = {
				ASSETCATALOG_COMPILER_APPICON_NAME = AppIcon;
				ASSETCATALOG_COMPILER_GLOBAL_ACCENT_COLOR_NAME = AccentColor;
				CODE_SIGN_STYLE = Automatic;
				INFOPLIST_FILE = "NemchenkovVG_HW2.11/Supporting Files/Info.plist";
				LD_RUNPATH_SEARCH_PATHS = (
					"$(inherited)",
					"@executable_path/Frameworks",
				);
				PRODUCT_BUNDLE_IDENTIFIER = "NemchenkovVG.NemchenkovVG-HW2-11";
				PRODUCT_NAME = "$(TARGET_NAME)";
				SWIFT_VERSION = 5.0;
				TARGETED_DEVICE_FAMILY = "1,2";
			};
			name = Release;
		};
/* End XCBuildConfiguration section */

/* Begin XCConfigurationList section */
		E667F84226C3F1B0008A21A6 /* Build configuration list for PBXProject "NemchenkovVG_HW2.11" */ = {
			isa = XCConfigurationList;
			buildConfigurations = (
				E667F85926C3F1B3008A21A6 /* Debug */,
				E667F85A26C3F1B3008A21A6 /* Release */,
			);
			defaultConfigurationIsVisible = 0;
			defaultConfigurationName = Release;
		};
		E667F85B26C3F1B3008A21A6 /* Build configuration list for PBXNativeTarget "NemchenkovVG_HW2.11" */ = {
			isa = XCConfigurationList;
			buildConfigurations = (
				E667F85C26C3F1B3008A21A6 /* Debug */,
				E667F85D26C3F1B3008A21A6 /* Release */,
			);
			defaultConfigurationIsVisible = 0;
			defaultConfigurationName = Release;
		};
/* End XCConfigurationList section */
	};
	rootObject = E667F83F26C3F1B0008A21A6 /* Project object */;
}
